
Microsoft Visual Studio Solution File, Format Version 12.00
# Visual Studio 15
VisualStudioVersion = 15.0.27703.2000
MinimumVisualStudioVersion = 10.0.40219.1
Project("{FAE04EC0-301F-11D3-BF4B-00C04F79EFBC}") = "Speech.Recognition.File.Input", "Speech.Recognition.File.Input\Speech.Recognition.File.Input.csproj", "{2F25355A-171D-4A62-BC01-2EBBEB626A21}"
EndProject
Global
	GlobalSection(SolutionConfigurationPlatforms) = preSolution
		Debug|Any CPU = Debug|Any CPU
		Release|Any CPU = Release|Any CPU
	EndGlobalSection
	GlobalSection(ProjectConfigurationPlatforms) = postSolution
		{2F25355A-171D-4A62-BC01-2EBBEB626A21}.Debug|Any CPU.ActiveCfg = Debug|Any CPU
		{2F25355A-171D-4A62-BC01-2EBBEB626A21}.Debug|Any CPU.Build.0 = Debug|Any CPU
		{2F25355A-171D-4A62-BC01-2EBBEB626A21}.Release|Any CPU.ActiveCfg = Release|Any CPU
		{2F25355A-171D-4A62-BC01-2EBBEB626A21}.Release|Any CPU.Build.0 = Release|Any CPU
	EndGlobalSection
	GlobalSection(SolutionProperties) = preSolution
		HideSolutionNode = FALSE
	EndGlobalSection
	GlobalSection(ExtensibilityGlobals) = postSolution
		SolutionGuid = {463A4E41-5E3B-4AA3-A52D-7DFC18EE45A8}
	EndGlobalSection
EndGlobal
